// !$*UTF8*$!
{
	archiveVersion = 1;
	classes = {
	};
	objectVersion = 56;
	objects = {

/* Begin PBXBuildFile section */
		3D7AA7F82C4BD7BA0055FF82 /* JR_InstagramCloneApp.swift in Sources */ = {isa = PBXBuildFile; fileRef = 3D7AA7F72C4BD7BA0055FF82 /* JR_InstagramCloneApp.swift */; };
		3D7AA7FC2C4BD7BE0055FF82 /* Assets.xcassets in Resources */ = {isa = PBXBuildFile; fileRef = 3D7AA7FB2C4BD7BE0055FF82 /* Assets.xcassets */; };
		3D7AA8002C4BD7BE0055FF82 /* Preview Assets.xcassets in Resources */ = {isa = PBXBuildFile; fileRef = 3D7AA7FF2C4BD7BE0055FF82 /* Preview Assets.xcassets */; };
		3D7AA80A2C4BD7BE0055FF82 /* JR_InstagramCloneTests.swift in Sources */ = {isa = PBXBuildFile; fileRef = 3D7AA8092C4BD7BE0055FF82 /* JR_InstagramCloneTests.swift */; };
		3D7AA8142C4BD7BE0055FF82 /* JR_InstagramCloneUITests.swift in Sources */ = {isa = PBXBuildFile; fileRef = 3D7AA8132C4BD7BE0055FF82 /* JR_InstagramCloneUITests.swift */; };
		3D7AA8162C4BD7BE0055FF82 /* JR_InstagramCloneUITestsLaunchTests.swift in Sources */ = {isa = PBXBuildFile; fileRef = 3D7AA8152C4BD7BE0055FF82 /* JR_InstagramCloneUITestsLaunchTests.swift */; };
		3DBA998C2C4BDB0900698ACB /* RootPage.swift in Sources */ = {isa = PBXBuildFile; fileRef = 3DBA998B2C4BDB0900698ACB /* RootPage.swift */; };
		3DBA998E2C4BDB9D00698ACB /* HomePage.swift in Sources */ = {isa = PBXBuildFile; fileRef = 3DBA998D2C4BDB9D00698ACB /* HomePage.swift */; };
		3DBA99902C4BDBAA00698ACB /* SearchPage.swift in Sources */ = {isa = PBXBuildFile; fileRef = 3DBA998F2C4BDBAA00698ACB /* SearchPage.swift */; };
		3DBA99922C4BDBEC00698ACB /* NewPostPage.swift in Sources */ = {isa = PBXBuildFile; fileRef = 3DBA99912C4BDBEC00698ACB /* NewPostPage.swift */; };
		3DBA99942C4BDBFD00698ACB /* ReelsPage.swift in Sources */ = {isa = PBXBuildFile; fileRef = 3DBA99932C4BDBFD00698ACB /* ReelsPage.swift */; };
		3DBA99962C4BDC0E00698ACB /* MyProfilePage.swift in Sources */ = {isa = PBXBuildFile; fileRef = 3DBA99952C4BDC0E00698ACB /* MyProfilePage.swift */; };
		3DBA999C2C4D0CA500698ACB /* StoryItemCard.swift in Sources */ = {isa = PBXBuildFile; fileRef = 3DBA999B2C4D0CA500698ACB /* StoryItemCard.swift */; };
		3DBA999F2C4D0D8100698ACB /* ImagePart.swift in Sources */ = {isa = PBXBuildFile; fileRef = 3DBA999E2C4D0D8100698ACB /* ImagePart.swift */; };
		3DBA99A12C4D0DA200698ACB /* ActionsPart.swift in Sources */ = {isa = PBXBuildFile; fileRef = 3DBA99A02C4D0DA200698ACB /* ActionsPart.swift */; };
		3DBA99A32C4D0DBE00698ACB /* InfoPart.swift in Sources */ = {isa = PBXBuildFile; fileRef = 3DBA99A22C4D0DBE00698ACB /* InfoPart.swift */; };
		3DBA99A52C4D0DED00698ACB /* PostItemCard.swift in Sources */ = {isa = PBXBuildFile; fileRef = 3DBA99A42C4D0DED00698ACB /* PostItemCard.swift */; };
		3DBA99A72C4D0EE800698ACB /* BadgeView.swift in Sources */ = {isa = PBXBuildFile; fileRef = 3DBA99A62C4D0EE800698ACB /* BadgeView.swift */; };
		3DBA99A92C4D174B00698ACB /* MyStoryItemCard.swift in Sources */ = {isa = PBXBuildFile; fileRef = 3DBA99A82C4D174B00698ACB /* MyStoryItemCard.swift */; };
		3DBA99AD2C50F5A900698ACB /* GridView.swift in Sources */ = {isa = PBXBuildFile; fileRef = 3DBA99AC2C50F5A900698ACB /* GridView.swift */; };
		3DBA99AF2C51014900698ACB /* SearchBar.swift in Sources */ = {isa = PBXBuildFile; fileRef = 3DBA99AE2C51014900698ACB /* SearchBar.swift */; };
		3DBA99B22C51359A00698ACB /* ProfileSettings.swift in Sources */ = {isa = PBXBuildFile; fileRef = 3DBA99B12C51359A00698ACB /* ProfileSettings.swift */; };
		3DBA99B42C5135E800698ACB /* ProfileSettingsListItem.swift in Sources */ = {isa = PBXBuildFile; fileRef = 3DBA99B32C5135E800698ACB /* ProfileSettingsListItem.swift */; };
		3DBA99B62C51691700698ACB /* StoryPage.swift in Sources */ = {isa = PBXBuildFile; fileRef = 3DBA99B52C51691700698ACB /* StoryPage.swift */; };
		3DBA99B82C5272D200698ACB /* ProfilePage.swift in Sources */ = {isa = PBXBuildFile; fileRef = 3DBA99B72C5272D200698ACB /* ProfilePage.swift */; };
		3DBA99BA2C52733D00698ACB /* ProfileNumber_text.swift in Sources */ = {isa = PBXBuildFile; fileRef = 3DBA99B92C52733D00698ACB /* ProfileNumber_text.swift */; };
		3DBA99BC2C5279CC00698ACB /* FriendsPage.swift in Sources */ = {isa = PBXBuildFile; fileRef = 3DBA99BB2C5279CC00698ACB /* FriendsPage.swift */; };
		3DBA99BF2C528BCA00698ACB /* CustomModifier.swift in Sources */ = {isa = PBXBuildFile; fileRef = 3DBA99BE2C528BCA00698ACB /* CustomModifier.swift */; };
		3DBA99C22C52D78400698ACB /* LoginPage.swift in Sources */ = {isa = PBXBuildFile; fileRef = 3DBA99C12C52D78400698ACB /* LoginPage.swift */; };
		3DBA99C52C52DBC300698ACB /* Color+EXT.swift in Sources */ = {isa = PBXBuildFile; fileRef = 3DBA99C42C52DBC300698ACB /* Color+EXT.swift */; };
		3DBA99C72C52EA0A00698ACB /* SignupPage.swift in Sources */ = {isa = PBXBuildFile; fileRef = 3DBA99C62C52EA0A00698ACB /* SignupPage.swift */; };
		3DBA99C92C5381E600698ACB /* CustomTextFields.swift in Sources */ = {isa = PBXBuildFile; fileRef = 3DBA99C82C5381E600698ACB /* CustomTextFields.swift */; };
		3DBA99CF2C53DB3200698ACB /* GoogleService-Info.plist in Resources */ = {isa = PBXBuildFile; fileRef = 3DBA99CE2C53DB3200698ACB /* GoogleService-Info.plist */; };
		3DBA99D22C53DDB800698ACB /* FirebaseAuth in Frameworks */ = {isa = PBXBuildFile; productRef = 3DBA99D12C53DDB800698ACB /* FirebaseAuth */; };
		3DBA99D62C53DDB800698ACB /* FirebaseFirestore in Frameworks */ = {isa = PBXBuildFile; productRef = 3DBA99D52C53DDB800698ACB /* FirebaseFirestore */; };
		3DBA99DA2C53DDB800698ACB /* FirebaseFirestoreSwift in Frameworks */ = {isa = PBXBuildFile; productRef = 3DBA99D92C53DDB800698ACB /* FirebaseFirestoreSwift */; };
		3DBA99DE2C53DDB800698ACB /* FirebaseStorage in Frameworks */ = {isa = PBXBuildFile; productRef = 3DBA99DD2C53DDB800698ACB /* FirebaseStorage */; };
		3DBA99E32C53E20900698ACB /* Login_SignupViewModel.swift in Sources */ = {isa = PBXBuildFile; fileRef = 3DBA99E22C53E20900698ACB /* Login_SignupViewModel.swift */; };
		3DBA99E62C5404B400698ACB /* FirebaseAnalytics in Frameworks */ = {isa = PBXBuildFile; productRef = 3DBA99E52C5404B400698ACB /* FirebaseAnalytics */; };
		3DBA99E82C5404B900698ACB /* FirebaseAnalyticsSwift in Frameworks */ = {isa = PBXBuildFile; productRef = 3DBA99E72C5404B900698ACB /* FirebaseAnalyticsSwift */; };
/* End PBXBuildFile section */

/* Begin PBXContainerItemProxy section */
		3D7AA8062C4BD7BE0055FF82 /* PBXContainerItemProxy */ = {
			isa = PBXContainerItemProxy;
			containerPortal = 3D7AA7EC2C4BD7BA0055FF82 /* Project object */;
			proxyType = 1;
			remoteGlobalIDString = 3D7AA7F32C4BD7BA0055FF82;
			remoteInfo = "JR-InstagramClone";
		};
		3D7AA8102C4BD7BE0055FF82 /* PBXContainerItemProxy */ = {
			isa = PBXContainerItemProxy;
			containerPortal = 3D7AA7EC2C4BD7BA0055FF82 /* Project object */;
			proxyType = 1;
			remoteGlobalIDString = 3D7AA7F32C4BD7BA0055FF82;
			remoteInfo = "JR-InstagramClone";
		};
/* End PBXContainerItemProxy section */

/* Begin PBXFileReference section */
		3D7AA7F42C4BD7BA0055FF82 /* JR-InstagramClone.app */ = {isa = PBXFileReference; explicitFileType = wrapper.application; includeInIndex = 0; path = "JR-InstagramClone.app"; sourceTree = BUILT_PRODUCTS_DIR; };
		3D7AA7F72C4BD7BA0055FF82 /* JR_InstagramCloneApp.swift */ = {isa = PBXFileReference; lastKnownFileType = sourcecode.swift; path = JR_InstagramCloneApp.swift; sourceTree = "<group>"; };
		3D7AA7FB2C4BD7BE0055FF82 /* Assets.xcassets */ = {isa = PBXFileReference; lastKnownFileType = folder.assetcatalog; path = Assets.xcassets; sourceTree = "<group>"; };
		3D7AA7FD2C4BD7BE0055FF82 /* JR_InstagramClone.entitlements */ = {isa = PBXFileReference; lastKnownFileType = text.plist.entitlements; path = JR_InstagramClone.entitlements; sourceTree = "<group>"; };
		3D7AA7FF2C4BD7BE0055FF82 /* Preview Assets.xcassets */ = {isa = PBXFileReference; lastKnownFileType = folder.assetcatalog; path = "Preview Assets.xcassets"; sourceTree = "<group>"; };
		3D7AA8052C4BD7BE0055FF82 /* JR-InstagramCloneTests.xctest */ = {isa = PBXFileReference; explicitFileType = wrapper.cfbundle; includeInIndex = 0; path = "JR-InstagramCloneTests.xctest"; sourceTree = BUILT_PRODUCTS_DIR; };
		3D7AA8092C4BD7BE0055FF82 /* JR_InstagramCloneTests.swift */ = {isa = PBXFileReference; lastKnownFileType = sourcecode.swift; path = JR_InstagramCloneTests.swift; sourceTree = "<group>"; };
		3D7AA80F2C4BD7BE0055FF82 /* JR-InstagramCloneUITests.xctest */ = {isa = PBXFileReference; explicitFileType = wrapper.cfbundle; includeInIndex = 0; path = "JR-InstagramCloneUITests.xctest"; sourceTree = BUILT_PRODUCTS_DIR; };
		3D7AA8132C4BD7BE0055FF82 /* JR_InstagramCloneUITests.swift */ = {isa = PBXFileReference; lastKnownFileType = sourcecode.swift; path = JR_InstagramCloneUITests.swift; sourceTree = "<group>"; };
		3D7AA8152C4BD7BE0055FF82 /* JR_InstagramCloneUITestsLaunchTests.swift */ = {isa = PBXFileReference; lastKnownFileType = sourcecode.swift; path = JR_InstagramCloneUITestsLaunchTests.swift; sourceTree = "<group>"; };
		3DBA998B2C4BDB0900698ACB /* RootPage.swift */ = {isa = PBXFileReference; lastKnownFileType = sourcecode.swift; path = RootPage.swift; sourceTree = "<group>"; };
		3DBA998D2C4BDB9D00698ACB /* HomePage.swift */ = {isa = PBXFileReference; lastKnownFileType = sourcecode.swift; path = HomePage.swift; sourceTree = "<group>"; };
		3DBA998F2C4BDBAA00698ACB /* SearchPage.swift */ = {isa = PBXFileReference; lastKnownFileType = sourcecode.swift; path = SearchPage.swift; sourceTree = "<group>"; };
		3DBA99912C4BDBEC00698ACB /* NewPostPage.swift */ = {isa = PBXFileReference; lastKnownFileType = sourcecode.swift; path = NewPostPage.swift; sourceTree = "<group>"; };
		3DBA99932C4BDBFD00698ACB /* ReelsPage.swift */ = {isa = PBXFileReference; lastKnownFileType = sourcecode.swift; path = ReelsPage.swift; sourceTree = "<group>"; };
		3DBA99952C4BDC0E00698ACB /* MyProfilePage.swift */ = {isa = PBXFileReference; lastKnownFileType = sourcecode.swift; path = MyProfilePage.swift; sourceTree = "<group>"; };
		3DBA999B2C4D0CA500698ACB /* StoryItemCard.swift */ = {isa = PBXFileReference; lastKnownFileType = sourcecode.swift; path = StoryItemCard.swift; sourceTree = "<group>"; };
		3DBA999E2C4D0D8100698ACB /* ImagePart.swift */ = {isa = PBXFileReference; lastKnownFileType = sourcecode.swift; path = ImagePart.swift; sourceTree = "<group>"; };
		3DBA99A02C4D0DA200698ACB /* ActionsPart.swift */ = {isa = PBXFileReference; lastKnownFileType = sourcecode.swift; path = ActionsPart.swift; sourceTree = "<group>"; };
		3DBA99A22C4D0DBE00698ACB /* InfoPart.swift */ = {isa = PBXFileReference; lastKnownFileType = sourcecode.swift; path = InfoPart.swift; sourceTree = "<group>"; };
		3DBA99A42C4D0DED00698ACB /* PostItemCard.swift */ = {isa = PBXFileReference; lastKnownFileType = sourcecode.swift; path = PostItemCard.swift; sourceTree = "<group>"; };
		3DBA99A62C4D0EE800698ACB /* BadgeView.swift */ = {isa = PBXFileReference; lastKnownFileType = sourcecode.swift; path = BadgeView.swift; sourceTree = "<group>"; };
		3DBA99A82C4D174B00698ACB /* MyStoryItemCard.swift */ = {isa = PBXFileReference; lastKnownFileType = sourcecode.swift; path = MyStoryItemCard.swift; sourceTree = "<group>"; };
		3DBA99AA2C4EA43700698ACB /* Info.plist */ = {isa = PBXFileReference; lastKnownFileType = text.plist; path = Info.plist; sourceTree = "<group>"; };
		3DBA99AC2C50F5A900698ACB /* GridView.swift */ = {isa = PBXFileReference; lastKnownFileType = sourcecode.swift; path = GridView.swift; sourceTree = "<group>"; };
		3DBA99AE2C51014900698ACB /* SearchBar.swift */ = {isa = PBXFileReference; lastKnownFileType = sourcecode.swift; path = SearchBar.swift; sourceTree = "<group>"; };
		3DBA99B12C51359A00698ACB /* ProfileSettings.swift */ = {isa = PBXFileReference; lastKnownFileType = sourcecode.swift; path = ProfileSettings.swift; sourceTree = "<group>"; };
		3DBA99B32C5135E800698ACB /* ProfileSettingsListItem.swift */ = {isa = PBXFileReference; lastKnownFileType = sourcecode.swift; path = ProfileSettingsListItem.swift; sourceTree = "<group>"; };
		3DBA99B52C51691700698ACB /* StoryPage.swift */ = {isa = PBXFileReference; lastKnownFileType = sourcecode.swift; path = StoryPage.swift; sourceTree = "<group>"; };
		3DBA99B72C5272D200698ACB /* ProfilePage.swift */ = {isa = PBXFileReference; lastKnownFileType = sourcecode.swift; path = ProfilePage.swift; sourceTree = "<group>"; };
		3DBA99B92C52733D00698ACB /* ProfileNumber_text.swift */ = {isa = PBXFileReference; lastKnownFileType = sourcecode.swift; path = ProfileNumber_text.swift; sourceTree = "<group>"; };
		3DBA99BB2C5279CC00698ACB /* FriendsPage.swift */ = {isa = PBXFileReference; lastKnownFileType = sourcecode.swift; path = FriendsPage.swift; sourceTree = "<group>"; };
		3DBA99BE2C528BCA00698ACB /* CustomModifier.swift */ = {isa = PBXFileReference; lastKnownFileType = sourcecode.swift; path = CustomModifier.swift; sourceTree = "<group>"; };
		3DBA99C12C52D78400698ACB /* LoginPage.swift */ = {isa = PBXFileReference; lastKnownFileType = sourcecode.swift; path = LoginPage.swift; sourceTree = "<group>"; };
		3DBA99C42C52DBC300698ACB /* Color+EXT.swift */ = {isa = PBXFileReference; lastKnownFileType = sourcecode.swift; path = "Color+EXT.swift"; sourceTree = "<group>"; };
		3DBA99C62C52EA0A00698ACB /* SignupPage.swift */ = {isa = PBXFileReference; lastKnownFileType = sourcecode.swift; path = SignupPage.swift; sourceTree = "<group>"; };
		3DBA99C82C5381E600698ACB /* CustomTextFields.swift */ = {isa = PBXFileReference; lastKnownFileType = sourcecode.swift; path = CustomTextFields.swift; sourceTree = "<group>"; };
		3DBA99CE2C53DB3200698ACB /* GoogleService-Info.plist */ = {isa = PBXFileReference; fileEncoding = 4; lastKnownFileType = text.plist.xml; path = "GoogleService-Info.plist"; sourceTree = "<group>"; };
		3DBA99E22C53E20900698ACB /* Login_SignupViewModel.swift */ = {isa = PBXFileReference; lastKnownFileType = sourcecode.swift; path = Login_SignupViewModel.swift; sourceTree = "<group>"; };
/* End PBXFileReference section */

/* Begin PBXFrameworksBuildPhase section */
		3D7AA7F12C4BD7BA0055FF82 /* Frameworks */ = {
			isa = PBXFrameworksBuildPhase;
			buildActionMask = 2147483647;
			files = (
				3DBA99DA2C53DDB800698ACB /* FirebaseFirestoreSwift in Frameworks */,
				3DBA99D22C53DDB800698ACB /* FirebaseAuth in Frameworks */,
				3DBA99E82C5404B900698ACB /* FirebaseAnalyticsSwift in Frameworks */,
				3DBA99DE2C53DDB800698ACB /* FirebaseStorage in Frameworks */,
				3DBA99D62C53DDB800698ACB /* FirebaseFirestore in Frameworks */,
				3DBA99E62C5404B400698ACB /* FirebaseAnalytics in Frameworks */,
			);
			runOnlyForDeploymentPostprocessing = 0;
		};
		3D7AA8022C4BD7BE0055FF82 /* Frameworks */ = {
			isa = PBXFrameworksBuildPhase;
			buildActionMask = 2147483647;
			files = (
			);
			runOnlyForDeploymentPostprocessing = 0;
		};
		3D7AA80C2C4BD7BE0055FF82 /* Frameworks */ = {
			isa = PBXFrameworksBuildPhase;
			buildActionMask = 2147483647;
			files = (
			);
			runOnlyForDeploymentPostprocessing = 0;
		};
/* End PBXFrameworksBuildPhase section */

/* Begin PBXGroup section */
		3D7AA7EB2C4BD7BA0055FF82 = {
			isa = PBXGroup;
			children = (
				3D7AA7F62C4BD7BA0055FF82 /* JR-InstagramClone */,
				3D7AA8082C4BD7BE0055FF82 /* JR-InstagramCloneTests */,
				3D7AA8122C4BD7BE0055FF82 /* JR-InstagramCloneUITests */,
				3D7AA7F52C4BD7BA0055FF82 /* Products */,
				3DBA99E42C5404B400698ACB /* Frameworks */,
			);
			sourceTree = "<group>";
		};
		3D7AA7F52C4BD7BA0055FF82 /* Products */ = {
			isa = PBXGroup;
			children = (
				3D7AA7F42C4BD7BA0055FF82 /* JR-InstagramClone.app */,
				3D7AA8052C4BD7BE0055FF82 /* JR-InstagramCloneTests.xctest */,
				3D7AA80F2C4BD7BE0055FF82 /* JR-InstagramCloneUITests.xctest */,
			);
			name = Products;
			sourceTree = "<group>";
		};
		3D7AA7F62C4BD7BA0055FF82 /* JR-InstagramClone */ = {
			isa = PBXGroup;
			children = (
				3DBA99AA2C4EA43700698ACB /* Info.plist */,
				3DBA99CE2C53DB3200698ACB /* GoogleService-Info.plist */,
				3D7AA7F72C4BD7BA0055FF82 /* JR_InstagramCloneApp.swift */,
				3DBA99C32C52DBA900698ACB /* Extensions */,
				3DBA99AB2C50F59000698ACB /* SupportViews */,
				3DBA99982C4D0C6800698ACB /* Components */,
				3DBA99E12C53E1E000698ACB /* ViewModels */,
				3DBA99972C4D0C4700698ACB /* Core */,
				3D7AA7FB2C4BD7BE0055FF82 /* Assets.xcassets */,
				3D7AA7FD2C4BD7BE0055FF82 /* JR_InstagramClone.entitlements */,
				3D7AA7FE2C4BD7BE0055FF82 /* Preview Content */,
			);
			path = "JR-InstagramClone";
			sourceTree = "<group>";
		};
		3D7AA7FE2C4BD7BE0055FF82 /* Preview Content */ = {
			isa = PBXGroup;
			children = (
				3D7AA7FF2C4BD7BE0055FF82 /* Preview Assets.xcassets */,
			);
			path = "Preview Content";
			sourceTree = "<group>";
		};
		3D7AA8082C4BD7BE0055FF82 /* JR-InstagramCloneTests */ = {
			isa = PBXGroup;
			children = (
				3D7AA8092C4BD7BE0055FF82 /* JR_InstagramCloneTests.swift */,
			);
			path = "JR-InstagramCloneTests";
			sourceTree = "<group>";
		};
		3D7AA8122C4BD7BE0055FF82 /* JR-InstagramCloneUITests */ = {
			isa = PBXGroup;
			children = (
				3D7AA8132C4BD7BE0055FF82 /* JR_InstagramCloneUITests.swift */,
				3D7AA8152C4BD7BE0055FF82 /* JR_InstagramCloneUITestsLaunchTests.swift */,
			);
			path = "JR-InstagramCloneUITests";
			sourceTree = "<group>";
		};
		3DBA99972C4D0C4700698ACB /* Core */ = {
			isa = PBXGroup;
			children = (
				3DBA99B02C51358C00698ACB /* Pages */,
				3DBA998B2C4BDB0900698ACB /* RootPage.swift */,
				3DBA998D2C4BDB9D00698ACB /* HomePage.swift */,
				3DBA998F2C4BDBAA00698ACB /* SearchPage.swift */,
				3DBA99912C4BDBEC00698ACB /* NewPostPage.swift */,
				3DBA99932C4BDBFD00698ACB /* ReelsPage.swift */,
				3DBA99952C4BDC0E00698ACB /* MyProfilePage.swift */,
			);
			path = Core;
			sourceTree = "<group>";
		};
		3DBA99982C4D0C6800698ACB /* Components */ = {
			isa = PBXGroup;
			children = (
				3DBA999D2C4D0D6600698ACB /* PostItemCard */,
				3DBA999B2C4D0CA500698ACB /* StoryItemCard.swift */,
				3DBA99A82C4D174B00698ACB /* MyStoryItemCard.swift */,
				3DBA99A62C4D0EE800698ACB /* BadgeView.swift */,
				3DBA99B32C5135E800698ACB /* ProfileSettingsListItem.swift */,
				3DBA99B92C52733D00698ACB /* ProfileNumber_text.swift */,
				3DBA99C82C5381E600698ACB /* CustomTextFields.swift */,
			);
			path = Components;
			sourceTree = "<group>";
		};
		3DBA999D2C4D0D6600698ACB /* PostItemCard */ = {
			isa = PBXGroup;
			children = (
				3DBA99A42C4D0DED00698ACB /* PostItemCard.swift */,
				3DBA999E2C4D0D8100698ACB /* ImagePart.swift */,
				3DBA99A02C4D0DA200698ACB /* ActionsPart.swift */,
				3DBA99A22C4D0DBE00698ACB /* InfoPart.swift */,
			);
			path = PostItemCard;
			sourceTree = "<group>";
		};
		3DBA99AB2C50F59000698ACB /* SupportViews */ = {
			isa = PBXGroup;
			children = (
				3DBA99AC2C50F5A900698ACB /* GridView.swift */,
				3DBA99AE2C51014900698ACB /* SearchBar.swift */,
			);
			path = SupportViews;
			sourceTree = "<group>";
		};
		3DBA99B02C51358C00698ACB /* Pages */ = {
			isa = PBXGroup;
			children = (
				3DBA99C02C52D76F00698ACB /* Login&Signup */,
				3DBA99B12C51359A00698ACB /* ProfileSettings.swift */,
				3DBA99B52C51691700698ACB /* StoryPage.swift */,
				3DBA99B72C5272D200698ACB /* ProfilePage.swift */,
				3DBA99BB2C5279CC00698ACB /* FriendsPage.swift */,
			);
			path = Pages;
			sourceTree = "<group>";
		};
		3DBA99C02C52D76F00698ACB /* Login&Signup */ = {
			isa = PBXGroup;
			children = (
				3DBA99C12C52D78400698ACB /* LoginPage.swift */,
				3DBA99C62C52EA0A00698ACB /* SignupPage.swift */,
			);
			path = "Login&Signup";
			sourceTree = "<group>";
		};
		3DBA99C32C52DBA900698ACB /* Extensions */ = {
			isa = PBXGroup;
			children = (
				3DBA99BE2C528BCA00698ACB /* CustomModifier.swift */,
				3DBA99C42C52DBC300698ACB /* Color+EXT.swift */,
			);
			path = Extensions;
			sourceTree = "<group>";
		};
		3DBA99E12C53E1E000698ACB /* ViewModels */ = {
			isa = PBXGroup;
			children = (
				3DBA99E22C53E20900698ACB /* Login_SignupViewModel.swift */,
			);
			path = ViewModels;
			sourceTree = "<group>";
		};
		3DBA99E42C5404B400698ACB /* Frameworks */ = {
			isa = PBXGroup;
			children = (
			);
			name = Frameworks;
			sourceTree = "<group>";
		};
/* End PBXGroup section */

/* Begin PBXNativeTarget section */
		3D7AA7F32C4BD7BA0055FF82 /* JR-InstagramClone */ = {
			isa = PBXNativeTarget;
			buildConfigurationList = 3D7AA8192C4BD7BE0055FF82 /* Build configuration list for PBXNativeTarget "JR-InstagramClone" */;
			buildPhases = (
				3D7AA7F02C4BD7BA0055FF82 /* Sources */,
				3D7AA7F12C4BD7BA0055FF82 /* Frameworks */,
				3D7AA7F22C4BD7BA0055FF82 /* Resources */,
			);
			buildRules = (
			);
			dependencies = (
			);
			name = "JR-InstagramClone";
			packageProductDependencies = (
				3DBA99D12C53DDB800698ACB /* FirebaseAuth */,
				3DBA99D52C53DDB800698ACB /* FirebaseFirestore */,
				3DBA99D92C53DDB800698ACB /* FirebaseFirestoreSwift */,
				3DBA99DD2C53DDB800698ACB /* FirebaseStorage */,
				3DBA99E52C5404B400698ACB /* FirebaseAnalytics */,
				3DBA99E72C5404B900698ACB /* FirebaseAnalyticsSwift */,
			);
			productName = "JR-InstagramClone";
			productReference = 3D7AA7F42C4BD7BA0055FF82 /* JR-InstagramClone.app */;
			productType = "com.apple.product-type.application";
		};
		3D7AA8042C4BD7BE0055FF82 /* JR-InstagramCloneTests */ = {
			isa = PBXNativeTarget;
			buildConfigurationList = 3D7AA81C2C4BD7BE0055FF82 /* Build configuration list for PBXNativeTarget "JR-InstagramCloneTests" */;
			buildPhases = (
				3D7AA8012C4BD7BE0055FF82 /* Sources */,
				3D7AA8022C4BD7BE0055FF82 /* Frameworks */,
				3D7AA8032C4BD7BE0055FF82 /* Resources */,
			);
			buildRules = (
			);
			dependencies = (
				3D7AA8072C4BD7BE0055FF82 /* PBXTargetDependency */,
			);
			name = "JR-InstagramCloneTests";
			productName = "JR-InstagramCloneTests";
			productReference = 3D7AA8052C4BD7BE0055FF82 /* JR-InstagramCloneTests.xctest */;
			productType = "com.apple.product-type.bundle.unit-test";
		};
		3D7AA80E2C4BD7BE0055FF82 /* JR-InstagramCloneUITests */ = {
			isa = PBXNativeTarget;
			buildConfigurationList = 3D7AA81F2C4BD7BE0055FF82 /* Build configuration list for PBXNativeTarget "JR-InstagramCloneUITests" */;
			buildPhases = (
				3D7AA80B2C4BD7BE0055FF82 /* Sources */,
				3D7AA80C2C4BD7BE0055FF82 /* Frameworks */,
				3D7AA80D2C4BD7BE0055FF82 /* Resources */,
			);
			buildRules = (
			);
			dependencies = (
				3D7AA8112C4BD7BE0055FF82 /* PBXTargetDependency */,
			);
			name = "JR-InstagramCloneUITests";
			productName = "JR-InstagramCloneUITests";
			productReference = 3D7AA80F2C4BD7BE0055FF82 /* JR-InstagramCloneUITests.xctest */;
			productType = "com.apple.product-type.bundle.ui-testing";
		};
/* End PBXNativeTarget section */

/* Begin PBXProject section */
		3D7AA7EC2C4BD7BA0055FF82 /* Project object */ = {
			isa = PBXProject;
			attributes = {
				BuildIndependentTargetsInParallel = 1;
				LastSwiftUpdateCheck = 1540;
				LastUpgradeCheck = 1540;
				TargetAttributes = {
					3D7AA7F32C4BD7BA0055FF82 = {
						CreatedOnToolsVersion = 15.4;
					};
					3D7AA8042C4BD7BE0055FF82 = {
						CreatedOnToolsVersion = 15.4;
						TestTargetID = 3D7AA7F32C4BD7BA0055FF82;
					};
					3D7AA80E2C4BD7BE0055FF82 = {
						CreatedOnToolsVersion = 15.4;
						TestTargetID = 3D7AA7F32C4BD7BA0055FF82;
					};
				};
			};
			buildConfigurationList = 3D7AA7EF2C4BD7BA0055FF82 /* Build configuration list for PBXProject "JR-InstagramClone" */;
			compatibilityVersion = "Xcode 14.0";
			developmentRegion = en;
			hasScannedForEncodings = 0;
			knownRegions = (
				en,
				Base,
			);
			mainGroup = 3D7AA7EB2C4BD7BA0055FF82;
			packageReferences = (
				3DBA99D02C53DDB700698ACB /* XCRemoteSwiftPackageReference "firebase-ios-sdk" */,
			);
			productRefGroup = 3D7AA7F52C4BD7BA0055FF82 /* Products */;
			projectDirPath = "";
			projectRoot = "";
			targets = (
				3D7AA7F32C4BD7BA0055FF82 /* JR-InstagramClone */,
				3D7AA8042C4BD7BE0055FF82 /* JR-InstagramCloneTests */,
				3D7AA80E2C4BD7BE0055FF82 /* JR-InstagramCloneUITests */,
			);
		};
/* End PBXProject section */

/* Begin PBXResourcesBuildPhase section */
		3D7AA7F22C4BD7BA0055FF82 /* Resources */ = {
			isa = PBXResourcesBuildPhase;
			buildActionMask = 2147483647;
			files = (
				3D7AA8002C4BD7BE0055FF82 /* Preview Assets.xcassets in Resources */,
				3D7AA7FC2C4BD7BE0055FF82 /* Assets.xcassets in Resources */,
				3DBA99CF2C53DB3200698ACB /* GoogleService-Info.plist in Resources */,
			);
			runOnlyForDeploymentPostprocessing = 0;
		};
		3D7AA8032C4BD7BE0055FF82 /* Resources */ = {
			isa = PBXResourcesBuildPhase;
			buildActionMask = 2147483647;
			files = (
			);
			runOnlyForDeploymentPostprocessing = 0;
		};
		3D7AA80D2C4BD7BE0055FF82 /* Resources */ = {
			isa = PBXResourcesBuildPhase;
			buildActionMask = 2147483647;
			files = (
			);
			runOnlyForDeploymentPostprocessing = 0;
		};
/* End PBXResourcesBuildPhase section */

/* Begin PBXSourcesBuildPhase section */
		3D7AA7F02C4BD7BA0055FF82 /* Sources */ = {
			isa = PBXSourcesBuildPhase;
			buildActionMask = 2147483647;
			files = (
				3DBA99AD2C50F5A900698ACB /* GridView.swift in Sources */,
				3DBA99902C4BDBAA00698ACB /* SearchPage.swift in Sources */,
				3DBA99B82C5272D200698ACB /* ProfilePage.swift in Sources */,
				3DBA99C92C5381E600698ACB /* CustomTextFields.swift in Sources */,
				3DBA999F2C4D0D8100698ACB /* ImagePart.swift in Sources */,
				3DBA998E2C4BDB9D00698ACB /* HomePage.swift in Sources */,
				3DBA99922C4BDBEC00698ACB /* NewPostPage.swift in Sources */,
				3DBA99B42C5135E800698ACB /* ProfileSettingsListItem.swift in Sources */,
				3DBA99AF2C51014900698ACB /* SearchBar.swift in Sources */,
				3DBA99A32C4D0DBE00698ACB /* InfoPart.swift in Sources */,
				3DBA99A12C4D0DA200698ACB /* ActionsPart.swift in Sources */,
				3DBA998C2C4BDB0900698ACB /* RootPage.swift in Sources */,
				3DBA99942C4BDBFD00698ACB /* ReelsPage.swift in Sources */,
				3DBA99BC2C5279CC00698ACB /* FriendsPage.swift in Sources */,
				3DBA99B62C51691700698ACB /* StoryPage.swift in Sources */,
				3DBA99C52C52DBC300698ACB /* Color+EXT.swift in Sources */,
				3DBA99A92C4D174B00698ACB /* MyStoryItemCard.swift in Sources */,
				3DBA99C72C52EA0A00698ACB /* SignupPage.swift in Sources */,
				3DBA99A52C4D0DED00698ACB /* PostItemCard.swift in Sources */,
				3DBA99C22C52D78400698ACB /* LoginPage.swift in Sources */,
				3DBA99E32C53E20900698ACB /* Login_SignupViewModel.swift in Sources */,
				3DBA99BA2C52733D00698ACB /* ProfileNumber_text.swift in Sources */,
				3DBA99B22C51359A00698ACB /* ProfileSettings.swift in Sources */,
				3DBA99962C4BDC0E00698ACB /* MyProfilePage.swift in Sources */,
				3DBA999C2C4D0CA500698ACB /* StoryItemCard.swift in Sources */,
				3DBA99BF2C528BCA00698ACB /* CustomModifier.swift in Sources */,
				3DBA99A72C4D0EE800698ACB /* BadgeView.swift in Sources */,
				3D7AA7F82C4BD7BA0055FF82 /* JR_InstagramCloneApp.swift in Sources */,
			);
			runOnlyForDeploymentPostprocessing = 0;
		};
		3D7AA8012C4BD7BE0055FF82 /* Sources */ = {
			isa = PBXSourcesBuildPhase;
			buildActionMask = 2147483647;
			files = (
				3D7AA80A2C4BD7BE0055FF82 /* JR_InstagramCloneTests.swift in Sources */,
			);
			runOnlyForDeploymentPostprocessing = 0;
		};
		3D7AA80B2C4BD7BE0055FF82 /* Sources */ = {
			isa = PBXSourcesBuildPhase;
			buildActionMask = 2147483647;
			files = (
				3D7AA8142C4BD7BE0055FF82 /* JR_InstagramCloneUITests.swift in Sources */,
				3D7AA8162C4BD7BE0055FF82 /* JR_InstagramCloneUITestsLaunchTests.swift in Sources */,
			);
			runOnlyForDeploymentPostprocessing = 0;
		};
/* End PBXSourcesBuildPhase section */

/* Begin PBXTargetDependency section */
		3D7AA8072C4BD7BE0055FF82 /* PBXTargetDependency */ = {
			isa = PBXTargetDependency;
			target = 3D7AA7F32C4BD7BA0055FF82 /* JR-InstagramClone */;
			targetProxy = 3D7AA8062C4BD7BE0055FF82 /* PBXContainerItemProxy */;
		};
		3D7AA8112C4BD7BE0055FF82 /* PBXTargetDependency */ = {
			isa = PBXTargetDependency;
			target = 3D7AA7F32C4BD7BA0055FF82 /* JR-InstagramClone */;
			targetProxy = 3D7AA8102C4BD7BE0055FF82 /* PBXContainerItemProxy */;
		};
/* End PBXTargetDependency section */

/* Begin XCBuildConfiguration section */
		3D7AA8172C4BD7BE0055FF82 /* Debug */ = {
			isa = XCBuildConfiguration;
			buildSettings = {
				ALWAYS_SEARCH_USER_PATHS = NO;
				ASSETCATALOG_COMPILER_GENERATE_SWIFT_ASSET_SYMBOL_EXTENSIONS = YES;
				CLANG_ANALYZER_NONNULL = YES;
				CLANG_ANALYZER_NUMBER_OBJECT_CONVERSION = YES_AGGRESSIVE;
				CLANG_CXX_LANGUAGE_STANDARD = "gnu++20";
				CLANG_ENABLE_MODULES = YES;
				CLANG_ENABLE_OBJC_ARC = YES;
				CLANG_ENABLE_OBJC_WEAK = YES;
				CLANG_WARN_BLOCK_CAPTURE_AUTORELEASING = YES;
				CLANG_WARN_BOOL_CONVERSION = YES;
				CLANG_WARN_COMMA = YES;
				CLANG_WARN_CONSTANT_CONVERSION = YES;
				CLANG_WARN_DEPRECATED_OBJC_IMPLEMENTATIONS = YES;
				CLANG_WARN_DIRECT_OBJC_ISA_USAGE = YES_ERROR;
				CLANG_WARN_DOCUMENTATION_COMMENTS = YES;
				CLANG_WARN_EMPTY_BODY = YES;
				CLANG_WARN_ENUM_CONVERSION = YES;
				CLANG_WARN_INFINITE_RECURSION = YES;
				CLANG_WARN_INT_CONVERSION = YES;
				CLANG_WARN_NON_LITERAL_NULL_CONVERSION = YES;
				CLANG_WARN_OBJC_IMPLICIT_RETAIN_SELF = YES;
				CLANG_WARN_OBJC_LITERAL_CONVERSION = YES;
				CLANG_WARN_OBJC_ROOT_CLASS = YES_ERROR;
				CLANG_WARN_QUOTED_INCLUDE_IN_FRAMEWORK_HEADER = YES;
				CLANG_WARN_RANGE_LOOP_ANALYSIS = YES;
				CLANG_WARN_STRICT_PROTOTYPES = YES;
				CLANG_WARN_SUSPICIOUS_MOVE = YES;
				CLANG_WARN_UNGUARDED_AVAILABILITY = YES_AGGRESSIVE;
				CLANG_WARN_UNREACHABLE_CODE = YES;
				CLANG_WARN__DUPLICATE_METHOD_MATCH = YES;
				COPY_PHASE_STRIP = NO;
				DEBUG_INFORMATION_FORMAT = dwarf;
				ENABLE_STRICT_OBJC_MSGSEND = YES;
				ENABLE_TESTABILITY = YES;
				ENABLE_USER_SCRIPT_SANDBOXING = YES;
				GCC_C_LANGUAGE_STANDARD = gnu17;
				GCC_DYNAMIC_NO_PIC = NO;
				GCC_NO_COMMON_BLOCKS = YES;
				GCC_OPTIMIZATION_LEVEL = 0;
				GCC_PREPROCESSOR_DEFINITIONS = (
					"DEBUG=1",
					"$(inherited)",
				);
				GCC_WARN_64_TO_32_BIT_CONVERSION = YES;
				GCC_WARN_ABOUT_RETURN_TYPE = YES_ERROR;
				GCC_WARN_UNDECLARED_SELECTOR = YES;
				GCC_WARN_UNINITIALIZED_AUTOS = YES_AGGRESSIVE;
				GCC_WARN_UNUSED_FUNCTION = YES;
				GCC_WARN_UNUSED_VARIABLE = YES;
				LOCALIZATION_PREFERS_STRING_CATALOGS = YES;
				MTL_ENABLE_DEBUG_INFO = INCLUDE_SOURCE;
				MTL_FAST_MATH = YES;
				ONLY_ACTIVE_ARCH = YES;
				SWIFT_ACTIVE_COMPILATION_CONDITIONS = "DEBUG $(inherited)";
				SWIFT_OPTIMIZATION_LEVEL = "-Onone";
			};
			name = Debug;
		};
		3D7AA8182C4BD7BE0055FF82 /* Release */ = {
			isa = XCBuildConfiguration;
			buildSettings = {
				ALWAYS_SEARCH_USER_PATHS = NO;
				ASSETCATALOG_COMPILER_GENERATE_SWIFT_ASSET_SYMBOL_EXTENSIONS = YES;
				CLANG_ANALYZER_NONNULL = YES;
				CLANG_ANALYZER_NUMBER_OBJECT_CONVERSION = YES_AGGRESSIVE;
				CLANG_CXX_LANGUAGE_STANDARD = "gnu++20";
				CLANG_ENABLE_MODULES = YES;
				CLANG_ENABLE_OBJC_ARC = YES;
				CLANG_ENABLE_OBJC_WEAK = YES;
				CLANG_WARN_BLOCK_CAPTURE_AUTORELEASING = YES;
				CLANG_WARN_BOOL_CONVERSION = YES;
				CLANG_WARN_COMMA = YES;
				CLANG_WARN_CONSTANT_CONVERSION = YES;
				CLANG_WARN_DEPRECATED_OBJC_IMPLEMENTATIONS = YES;
				CLANG_WARN_DIRECT_OBJC_ISA_USAGE = YES_ERROR;
				CLANG_WARN_DOCUMENTATION_COMMENTS = YES;
				CLANG_WARN_EMPTY_BODY = YES;
				CLANG_WARN_ENUM_CONVERSION = YES;
				CLANG_WARN_INFINITE_RECURSION = YES;
				CLANG_WARN_INT_CONVERSION = YES;
				CLANG_WARN_NON_LITERAL_NULL_CONVERSION = YES;
				CLANG_WARN_OBJC_IMPLICIT_RETAIN_SELF = YES;
				CLANG_WARN_OBJC_LITERAL_CONVERSION = YES;
				CLANG_WARN_OBJC_ROOT_CLASS = YES_ERROR;
				CLANG_WARN_QUOTED_INCLUDE_IN_FRAMEWORK_HEADER = YES;
				CLANG_WARN_RANGE_LOOP_ANALYSIS = YES;
				CLANG_WARN_STRICT_PROTOTYPES = YES;
				CLANG_WARN_SUSPICIOUS_MOVE = YES;
				CLANG_WARN_UNGUARDED_AVAILABILITY = YES_AGGRESSIVE;
				CLANG_WARN_UNREACHABLE_CODE = YES;
				CLANG_WARN__DUPLICATE_METHOD_MATCH = YES;
				COPY_PHASE_STRIP = NO;
				DEBUG_INFORMATION_FORMAT = "dwarf-with-dsym";
				ENABLE_NS_ASSERTIONS = NO;
				ENABLE_STRICT_OBJC_MSGSEND = YES;
				ENABLE_USER_SCRIPT_SANDBOXING = YES;
				GCC_C_LANGUAGE_STANDARD = gnu17;
				GCC_NO_COMMON_BLOCKS = YES;
				GCC_WARN_64_TO_32_BIT_CONVERSION = YES;
				GCC_WARN_ABOUT_RETURN_TYPE = YES_ERROR;
				GCC_WARN_UNDECLARED_SELECTOR = YES;
				GCC_WARN_UNINITIALIZED_AUTOS = YES_AGGRESSIVE;
				GCC_WARN_UNUSED_FUNCTION = YES;
				GCC_WARN_UNUSED_VARIABLE = YES;
				LOCALIZATION_PREFERS_STRING_CATALOGS = YES;
				MTL_ENABLE_DEBUG_INFO = NO;
				MTL_FAST_MATH = YES;
				SWIFT_COMPILATION_MODE = wholemodule;
			};
			name = Release;
		};
		3D7AA81A2C4BD7BE0055FF82 /* Debug */ = {
			isa = XCBuildConfiguration;
			buildSettings = {
				ASSETCATALOG_COMPILER_APPICON_NAME = AppIcon;
				ASSETCATALOG_COMPILER_GLOBAL_ACCENT_COLOR_NAME = AccentColor;
				CODE_SIGN_ENTITLEMENTS = "JR-InstagramClone/JR_InstagramClone.entitlements";
				CODE_SIGN_STYLE = Automatic;
				CURRENT_PROJECT_VERSION = 1;
				DEVELOPMENT_ASSET_PATHS = "\"JR-InstagramClone/Preview Content\"";
				DEVELOPMENT_TEAM = 7FAV9HQR94;
				ENABLE_HARDENED_RUNTIME = YES;
				ENABLE_PREVIEWS = YES;
				GENERATE_INFOPLIST_FILE = YES;
				INFOPLIST_FILE = "JR-InstagramClone/Info.plist";
				"INFOPLIST_KEY_UIApplicationSceneManifest_Generation[sdk=iphoneos*]" = YES;
				"INFOPLIST_KEY_UIApplicationSceneManifest_Generation[sdk=iphonesimulator*]" = YES;
				"INFOPLIST_KEY_UIApplicationSupportsIndirectInputEvents[sdk=iphoneos*]" = YES;
				"INFOPLIST_KEY_UIApplicationSupportsIndirectInputEvents[sdk=iphonesimulator*]" = YES;
				"INFOPLIST_KEY_UILaunchScreen_Generation[sdk=iphoneos*]" = YES;
				"INFOPLIST_KEY_UILaunchScreen_Generation[sdk=iphonesimulator*]" = YES;
				"INFOPLIST_KEY_UIStatusBarStyle[sdk=iphoneos*]" = UIStatusBarStyleDefault;
				"INFOPLIST_KEY_UIStatusBarStyle[sdk=iphonesimulator*]" = UIStatusBarStyleDefault;
				INFOPLIST_KEY_UISupportedInterfaceOrientations = UIInterfaceOrientationPortrait;
				INFOPLIST_KEY_UISupportedInterfaceOrientations_iPad = "UIInterfaceOrientationLandscapeLeft UIInterfaceOrientationLandscapeRight UIInterfaceOrientationPortrait UIInterfaceOrientationPortraitUpsideDown";
				IPHONEOS_DEPLOYMENT_TARGET = 17.2;
				LD_RUNPATH_SEARCH_PATHS = "@executable_path/Frameworks";
				"LD_RUNPATH_SEARCH_PATHS[sdk=macosx*]" = "@executable_path/../Frameworks";
				MACOSX_DEPLOYMENT_TARGET = 14.5;
				MARKETING_VERSION = 1.0;
				PRODUCT_BUNDLE_IDENTIFIER = "FthZn.JR-InstagramClone";
				PRODUCT_NAME = "$(TARGET_NAME)";
				SDKROOT = auto;
				SUPPORTED_PLATFORMS = "iphoneos iphonesimulator";
				SUPPORTS_MACCATALYST = NO;
				SWIFT_EMIT_LOC_STRINGS = YES;
				SWIFT_VERSION = 5.0;
				TARGETED_DEVICE_FAMILY = 1;
			};
			name = Debug;
		};
		3D7AA81B2C4BD7BE0055FF82 /* Release */ = {
			isa = XCBuildConfiguration;
			buildSettings = {
				ASSETCATALOG_COMPILER_APPICON_NAME = AppIcon;
				ASSETCATALOG_COMPILER_GLOBAL_ACCENT_COLOR_NAME = AccentColor;
				CODE_SIGN_ENTITLEMENTS = "JR-InstagramClone/JR_InstagramClone.entitlements";
				CODE_SIGN_STYLE = Automatic;
				CURRENT_PROJECT_VERSION = 1;
				DEVELOPMENT_ASSET_PATHS = "\"JR-InstagramClone/Preview Content\"";
				DEVELOPMENT_TEAM = 7FAV9HQR94;
				ENABLE_HARDENED_RUNTIME = YES;
				ENABLE_PREVIEWS = YES;
				GENERATE_INFOPLIST_FILE = YES;
				INFOPLIST_FILE = "JR-InstagramClone/Info.plist";
				"INFOPLIST_KEY_UIApplicationSceneManifest_Generation[sdk=iphoneos*]" = YES;
				"INFOPLIST_KEY_UIApplicationSceneManifest_Generation[sdk=iphonesimulator*]" = YES;
				"INFOPLIST_KEY_UIApplicationSupportsIndirectInputEvents[sdk=iphoneos*]" = YES;
				"INFOPLIST_KEY_UIApplicationSupportsIndirectInputEvents[sdk=iphonesimulator*]" = YES;
				"INFOPLIST_KEY_UILaunchScreen_Generation[sdk=iphoneos*]" = YES;
				"INFOPLIST_KEY_UILaunchScreen_Generation[sdk=iphonesimulator*]" = YES;
				"INFOPLIST_KEY_UIStatusBarStyle[sdk=iphoneos*]" = UIStatusBarStyleDefault;
				"INFOPLIST_KEY_UIStatusBarStyle[sdk=iphonesimulator*]" = UIStatusBarStyleDefault;
				INFOPLIST_KEY_UISupportedInterfaceOrientations = UIInterfaceOrientationPortrait;
				INFOPLIST_KEY_UISupportedInterfaceOrientations_iPad = "UIInterfaceOrientationLandscapeLeft UIInterfaceOrientationLandscapeRight UIInterfaceOrientationPortrait UIInterfaceOrientationPortraitUpsideDown";
				IPHONEOS_DEPLOYMENT_TARGET = 17.2;
				LD_RUNPATH_SEARCH_PATHS = "@executable_path/Frameworks";
				"LD_RUNPATH_SEARCH_PATHS[sdk=macosx*]" = "@executable_path/../Frameworks";
				MACOSX_DEPLOYMENT_TARGET = 14.5;
				MARKETING_VERSION = 1.0;
				PRODUCT_BUNDLE_IDENTIFIER = "FthZn.JR-InstagramClone";
				PRODUCT_NAME = "$(TARGET_NAME)";
				SDKROOT = auto;
				SUPPORTED_PLATFORMS = "iphoneos iphonesimulator";
				SUPPORTS_MACCATALYST = NO;
				SWIFT_EMIT_LOC_STRINGS = YES;
				SWIFT_VERSION = 5.0;
				TARGETED_DEVICE_FAMILY = 1;
			};
			name = Release;
		};
		3D7AA81D2C4BD7BE0055FF82 /* Debug */ = {
			isa = XCBuildConfiguration;
			buildSettings = {
				ALWAYS_EMBED_SWIFT_STANDARD_LIBRARIES = YES;
				BUNDLE_LOADER = "$(TEST_HOST)";
				CODE_SIGN_STYLE = Automatic;
				CURRENT_PROJECT_VERSION = 1;
				DEVELOPMENT_TEAM = 7FAV9HQR94;
				GENERATE_INFOPLIST_FILE = YES;
				IPHONEOS_DEPLOYMENT_TARGET = 17.5;
				MACOSX_DEPLOYMENT_TARGET = 14.5;
				MARKETING_VERSION = 1.0;
				PRODUCT_BUNDLE_IDENTIFIER = "FthZn.JR-InstagramCloneTests";
				PRODUCT_NAME = "$(TARGET_NAME)";
				SDKROOT = auto;
				SUPPORTED_PLATFORMS = "iphoneos iphonesimulator macosx";
				SWIFT_EMIT_LOC_STRINGS = NO;
				SWIFT_VERSION = 5.0;
				TARGETED_DEVICE_FAMILY = "1,2";
				TEST_HOST = "$(BUILT_PRODUCTS_DIR)/JR-InstagramClone.app/$(BUNDLE_EXECUTABLE_FOLDER_PATH)/JR-InstagramClone";
			};
			name = Debug;
		};
		3D7AA81E2C4BD7BE0055FF82 /* Release */ = {
			isa = XCBuildConfiguration;
			buildSettings = {
				ALWAYS_EMBED_SWIFT_STANDARD_LIBRARIES = YES;
				BUNDLE_LOADER = "$(TEST_HOST)";
				CODE_SIGN_STYLE = Automatic;
				CURRENT_PROJECT_VERSION = 1;
				DEVELOPMENT_TEAM = 7FAV9HQR94;
				GENERATE_INFOPLIST_FILE = YES;
				IPHONEOS_DEPLOYMENT_TARGET = 17.5;
				MACOSX_DEPLOYMENT_TARGET = 14.5;
				MARKETING_VERSION = 1.0;
				PRODUCT_BUNDLE_IDENTIFIER = "FthZn.JR-InstagramCloneTests";
				PRODUCT_NAME = "$(TARGET_NAME)";
				SDKROOT = auto;
				SUPPORTED_PLATFORMS = "iphoneos iphonesimulator macosx";
				SWIFT_EMIT_LOC_STRINGS = NO;
				SWIFT_VERSION = 5.0;
				TARGETED_DEVICE_FAMILY = "1,2";
				TEST_HOST = "$(BUILT_PRODUCTS_DIR)/JR-InstagramClone.app/$(BUNDLE_EXECUTABLE_FOLDER_PATH)/JR-InstagramClone";
			};
			name = Release;
		};
		3D7AA8202C4BD7BE0055FF82 /* Debug */ = {
			isa = XCBuildConfiguration;
			buildSettings = {
				ALWAYS_EMBED_SWIFT_STANDARD_LIBRARIES = YES;
				CODE_SIGN_STYLE = Automatic;
				CURRENT_PROJECT_VERSION = 1;
				DEVELOPMENT_TEAM = 7FAV9HQR94;
				GENERATE_INFOPLIST_FILE = YES;
				IPHONEOS_DEPLOYMENT_TARGET = 17.5;
				MACOSX_DEPLOYMENT_TARGET = 14.5;
				MARKETING_VERSION = 1.0;
				PRODUCT_BUNDLE_IDENTIFIER = "FthZn.JR-InstagramCloneUITests";
				PRODUCT_NAME = "$(TARGET_NAME)";
				SDKROOT = auto;
				SUPPORTED_PLATFORMS = "iphoneos iphonesimulator macosx";
				SWIFT_EMIT_LOC_STRINGS = NO;
				SWIFT_VERSION = 5.0;
				TARGETED_DEVICE_FAMILY = "1,2";
				TEST_TARGET_NAME = "JR-InstagramClone";
			};
			name = Debug;
		};
		3D7AA8212C4BD7BE0055FF82 /* Release */ = {
			isa = XCBuildConfiguration;
			buildSettings = {
				ALWAYS_EMBED_SWIFT_STANDARD_LIBRARIES = YES;
				CODE_SIGN_STYLE = Automatic;
				CURRENT_PROJECT_VERSION = 1;
				DEVELOPMENT_TEAM = 7FAV9HQR94;
				GENERATE_INFOPLIST_FILE = YES;
				IPHONEOS_DEPLOYMENT_TARGET = 17.5;
				MACOSX_DEPLOYMENT_TARGET = 14.5;
				MARKETING_VERSION = 1.0;
				PRODUCT_BUNDLE_IDENTIFIER = "FthZn.JR-InstagramCloneUITests";
				PRODUCT_NAME = "$(TARGET_NAME)";
				SDKROOT = auto;
				SUPPORTED_PLATFORMS = "iphoneos iphonesimulator macosx";
				SWIFT_EMIT_LOC_STRINGS = NO;
				SWIFT_VERSION = 5.0;
				TARGETED_DEVICE_FAMILY = "1,2";
				TEST_TARGET_NAME = "JR-InstagramClone";
			};
			name = Release;
		};
/* End XCBuildConfiguration section */

/* Begin XCConfigurationList section */
		3D7AA7EF2C4BD7BA0055FF82 /* Build configuration list for PBXProject "JR-InstagramClone" */ = {
			isa = XCConfigurationList;
			buildConfigurations = (
				3D7AA8172C4BD7BE0055FF82 /* Debug */,
				3D7AA8182C4BD7BE0055FF82 /* Release */,
			);
			defaultConfigurationIsVisible = 0;
			defaultConfigurationName = Release;
		};
		3D7AA8192C4BD7BE0055FF82 /* Build configuration list for PBXNativeTarget "JR-InstagramClone" */ = {
			isa = XCConfigurationList;
			buildConfigurations = (
				3D7AA81A2C4BD7BE0055FF82 /* Debug */,
				3D7AA81B2C4BD7BE0055FF82 /* Release */,
			);
			defaultConfigurationIsVisible = 0;
			defaultConfigurationName = Release;
		};
		3D7AA81C2C4BD7BE0055FF82 /* Build configuration list for PBXNativeTarget "JR-InstagramCloneTests" */ = {
			isa = XCConfigurationList;
			buildConfigurations = (
				3D7AA81D2C4BD7BE0055FF82 /* Debug */,
				3D7AA81E2C4BD7BE0055FF82 /* Release */,
			);
			defaultConfigurationIsVisible = 0;
			defaultConfigurationName = Release;
		};
		3D7AA81F2C4BD7BE0055FF82 /* Build configuration list for PBXNativeTarget "JR-InstagramCloneUITests" */ = {
			isa = XCConfigurationList;
			buildConfigurations = (
				3D7AA8202C4BD7BE0055FF82 /* Debug */,
				3D7AA8212C4BD7BE0055FF82 /* Release */,
			);
			defaultConfigurationIsVisible = 0;
			defaultConfigurationName = Release;
		};
/* End XCConfigurationList section */

/* Begin XCRemoteSwiftPackageReference section */
		3DBA99D02C53DDB700698ACB /* XCRemoteSwiftPackageReference "firebase-ios-sdk" */ = {
			isa = XCRemoteSwiftPackageReference;
			repositoryURL = "https://github.com/firebase/firebase-ios-sdk";
			requirement = {
				kind = upToNextMajorVersion;
				minimumVersion = 10.29.0;
			};
		};
/* End XCRemoteSwiftPackageReference section */

/* Begin XCSwiftPackageProductDependency section */
		3DBA99D12C53DDB800698ACB /* FirebaseAuth */ = {
			isa = XCSwiftPackageProductDependency;
			package = 3DBA99D02C53DDB700698ACB /* XCRemoteSwiftPackageReference "firebase-ios-sdk" */;
			productName = FirebaseAuth;
		};
		3DBA99D52C53DDB800698ACB /* FirebaseFirestore */ = {
			isa = XCSwiftPackageProductDependency;
			package = 3DBA99D02C53DDB700698ACB /* XCRemoteSwiftPackageReference "firebase-ios-sdk" */;
			productName = FirebaseFirestore;
		};
		3DBA99D92C53DDB800698ACB /* FirebaseFirestoreSwift */ = {
			isa = XCSwiftPackageProductDependency;
			package = 3DBA99D02C53DDB700698ACB /* XCRemoteSwiftPackageReference "firebase-ios-sdk" */;
			productName = FirebaseFirestoreSwift;
		};
		3DBA99DD2C53DDB800698ACB /* FirebaseStorage */ = {
			isa = XCSwiftPackageProductDependency;
			package = 3DBA99D02C53DDB700698ACB /* XCRemoteSwiftPackageReference "firebase-ios-sdk" */;
			productName = FirebaseStorage;
		};
		3DBA99E52C5404B400698ACB /* FirebaseAnalytics */ = {
			isa = XCSwiftPackageProductDependency;
			package = 3DBA99D02C53DDB700698ACB /* XCRemoteSwiftPackageReference "firebase-ios-sdk" */;
			productName = FirebaseAnalytics;
		};
		3DBA99E72C5404B900698ACB /* FirebaseAnalyticsSwift */ = {
			isa = XCSwiftPackageProductDependency;
			package = 3DBA99D02C53DDB700698ACB /* XCRemoteSwiftPackageReference "firebase-ios-sdk" */;
			productName = FirebaseAnalyticsSwift;
		};
/* End XCSwiftPackageProductDependency section */
	};
	rootObject = 3D7AA7EC2C4BD7BA0055FF82 /* Project object */;
}
